Microsoft Visual Studio Solution File, Format Version 12.00
# Visual Studio Version 17
VisualStudioVersion = 17.5.2.0
MinimumVisualStudioVersion = 10.0.40219.1
Project("{2150E333-8FDC-42A3-9474-1A3956D46DE8}") = "TemelProgramlama", "TemelProgramlama", "{CE5F4FE3-DF4D-D8FF-70BD-815041360723}"
EndProject
Project("{FAE04EC0-301F-11D3-BF4B-00C04F79EFBC}") = "Programlama", "TemelProgramlama\Programlama\Programlama.csproj", "{B0A82C77-CB0E-F5B3-BA13-84E7CE87E3C5}"
EndProject
Global
	GlobalSection(SolutionConfigurationPlatforms) = preSolution
		Debug|Any CPU = Debug|Any CPU
		Release|Any CPU = Release|Any CPU
	EndGlobalSection
	GlobalSection(ProjectConfigurationPlatforms) = postSolution
		{B0A82C77-CB0E-F5B3-BA13-84E7CE87E3C5}.Debug|Any CPU.ActiveCfg = Debug|Any CPU
		{B0A82C77-CB0E-F5B3-BA13-84E7CE87E3C5}.Debug|Any CPU.Build.0 = Debug|Any CPU
		{B0A82C77-CB0E-F5B3-BA13-84E7CE87E3C5}.Release|Any CPU.ActiveCfg = Release|Any CPU
		{B0A82C77-CB0E-F5B3-BA13-84E7CE87E3C5}.Release|Any CPU.Build.0 = Release|Any CPU
	EndGlobalSection
	GlobalSection(SolutionProperties) = preSolution
		HideSolutionNode = FALSE
	EndGlobalSection
	GlobalSection(NestedProjects) = preSolution
		{B0A82C77-CB0E-F5B3-BA13-84E7CE87E3C5} = {CE5F4FE3-DF4D-D8FF-70BD-815041360723}
	EndGlobalSection
	GlobalSection(ExtensibilityGlobals) = postSolution
		SolutionGuid = {62B39A87-8035-4049-BD84-FC5968E6436A}
	EndGlobalSection
EndGlobal
